
Microsoft Visual Studio Solution File, Format Version 12.00
# Visual Studio Version 16
VisualStudioVersion = 16.0.29613.14
MinimumVisualStudioVersion = 10.0.40219.1
Project("{9A19103F-16F7-4668-BE54-9A1E7A4F7556}") = "ChartsCore", "ChartsCore\ChartsCore.csproj", "{EC10FB83-ADD7-4DD0-B3C1-173921313476}"
EndProject
Project("{9A19103F-16F7-4668-BE54-9A1E7A4F7556}") = "ExchangesCore", "ExchangesCore\ExchangesCore.csproj", "{6A4F4315-C41B-49CA-8405-9B10C8558D7B}"
EndProject
Project("{9A19103F-16F7-4668-BE54-9A1E7A4F7556}") = "FlexTrader", "FlexTrader\FlexTrader.csproj", "{93C0185C-D240-43FF-94C9-DA10476E30CD}"
EndProject
Project("{9A19103F-16F7-4668-BE54-9A1E7A4F7556}") = "UserControls", "UserControls\UserControls.csproj", "{9006F21F-D5D1-462B-B886-2B09D2C87D07}"
EndProject
Global
	GlobalSection(SolutionConfigurationPlatforms) = preSolution
		Debug|Any CPU = Debug|Any CPU
		Release|Any CPU = Release|Any CPU
	EndGlobalSection
	GlobalSection(ProjectConfigurationPlatforms) = postSolution
		{EC10FB83-ADD7-4DD0-B3C1-173921313476}.Debug|Any CPU.ActiveCfg = Debug|Any CPU
		{EC10FB83-ADD7-4DD0-B3C1-173921313476}.Debug|Any CPU.Build.0 = Debug|Any CPU
		{EC10FB83-ADD7-4DD0-B3C1-173921313476}.Release|Any CPU.ActiveCfg = Release|Any CPU
		{EC10FB83-ADD7-4DD0-B3C1-173921313476}.Release|Any CPU.Build.0 = Release|Any CPU
		{6A4F4315-C41B-49CA-8405-9B10C8558D7B}.Debug|Any CPU.ActiveCfg = Debug|Any CPU
		{6A4F4315-C41B-49CA-8405-9B10C8558D7B}.Debug|Any CPU.Build.0 = Debug|Any CPU
		{6A4F4315-C41B-49CA-8405-9B10C8558D7B}.Release|Any CPU.ActiveCfg = Release|Any CPU
		{6A4F4315-C41B-49CA-8405-9B10C8558D7B}.Release|Any CPU.Build.0 = Release|Any CPU
		{93C0185C-D240-43FF-94C9-DA10476E30CD}.Debug|Any CPU.ActiveCfg = Debug|Any CPU
		{93C0185C-D240-43FF-94C9-DA10476E30CD}.Debug|Any CPU.Build.0 = Debug|Any CPU
		{93C0185C-D240-43FF-94C9-DA10476E30CD}.Release|Any CPU.ActiveCfg = Release|Any CPU
		{93C0185C-D240-43FF-94C9-DA10476E30CD}.Release|Any CPU.Build.0 = Release|Any CPU
		{9006F21F-D5D1-462B-B886-2B09D2C87D07}.Debug|Any CPU.ActiveCfg = Debug|Any CPU
		{9006F21F-D5D1-462B-B886-2B09D2C87D07}.Debug|Any CPU.Build.0 = Debug|Any CPU
		{9006F21F-D5D1-462B-B886-2B09D2C87D07}.Release|Any CPU.ActiveCfg = Release|Any CPU
		{9006F21F-D5D1-462B-B886-2B09D2C87D07}.Release|Any CPU.Build.0 = Release|Any CPU
	EndGlobalSection
	GlobalSection(SolutionProperties) = preSolution
		HideSolutionNode = FALSE
	EndGlobalSection
	GlobalSection(ExtensibilityGlobals) = postSolution
		SolutionGuid = {EE32EB86-F407-4081-9D70-0E1685EAEFE5}
	EndGlobalSection
EndGlobal
