
Microsoft Visual Studio Solution File, Format Version 12.00
# Visual Studio Version 16
VisualStudioVersion = 16.0.29613.14
MinimumVisualStudioVersion = 10.0.40219.1
Project("{9A19103F-16F7-4668-BE54-9A1E7A4F7556}") = "FlexTrader", "FlexTrader\FlexTrader.csproj", "{4F2069C8-B168-4B9B-A149-E1327631F454}"
EndProject
Project("{FAE04EC0-301F-11D3-BF4B-00C04F79EFBC}") = "ChartModules", "ChartModules\ChartModules.csproj", "{E3C17328-7078-4251-B4C1-D8AA841309DF}"
EndProject
Global
	GlobalSection(SolutionConfigurationPlatforms) = preSolution
		Debug|Any CPU = Debug|Any CPU
		Release|Any CPU = Release|Any CPU
	EndGlobalSection
	GlobalSection(ProjectConfigurationPlatforms) = postSolution
		{4F2069C8-B168-4B9B-A149-E1327631F454}.Debug|Any CPU.ActiveCfg = Debug|Any CPU
		{4F2069C8-B168-4B9B-A149-E1327631F454}.Debug|Any CPU.Build.0 = Debug|Any CPU
		{4F2069C8-B168-4B9B-A149-E1327631F454}.Release|Any CPU.ActiveCfg = Release|Any CPU
		{4F2069C8-B168-4B9B-A149-E1327631F454}.Release|Any CPU.Build.0 = Release|Any CPU
		{E3C17328-7078-4251-B4C1-D8AA841309DF}.Debug|Any CPU.ActiveCfg = Debug|Any CPU
		{E3C17328-7078-4251-B4C1-D8AA841309DF}.Debug|Any CPU.Build.0 = Debug|Any CPU
		{E3C17328-7078-4251-B4C1-D8AA841309DF}.Release|Any CPU.ActiveCfg = Release|Any CPU
		{E3C17328-7078-4251-B4C1-D8AA841309DF}.Release|Any CPU.Build.0 = Release|Any CPU
	EndGlobalSection
	GlobalSection(SolutionProperties) = preSolution
		HideSolutionNode = FALSE
	EndGlobalSection
	GlobalSection(ExtensibilityGlobals) = postSolution
		SolutionGuid = {EE32EB86-F407-4081-9D70-0E1685EAEFE5}
	EndGlobalSection
EndGlobal
